Microsoft Visual Studio Solution File, Format Version 12.00
# Visual Studio Version 17
VisualStudioVersion = 17.12.35707.178
MinimumVisualStudioVersion = 10.0.40219.1
Project("{FAE04EC0-301F-11D3-BF4B-00C04F79EFBC}") = "BackendAPI", "BackendAPI\BackendAPI.csproj", "{888C3507-82C3-4FAD-933B-0EDA8632C74D}"
EndProject
Project("{FAE04EC0-301F-11D3-BF4B-00C04F79EFBC}") = "HotelsWebApp", "HotelsWebApp\HotelsWebApp.csproj", "{199548D0-019D-4F2F-BD69-E0E2B89DD845}"
EndProject
Project("{FAE04EC0-301F-11D3-BF4B-00C04F79EFBC}") = "HotelsCommons", "HotelCommons\HotelsCommons.csproj", "{A4F696F4-4BFD-4E7F-A350-90F4143900F5}"
EndProject
Project("{FAE04EC0-301F-11D3-BF4B-00C04F79EFBC}") = "HotelsRazorLibrary", "HotelsRazorLibrary\HotelsRazorLibrary.csproj", "{BB34E3E8-4285-4AA2-AB70-4304C03DFF59}"
EndProject
Project("{FAE04EC0-301F-11D3-BF4B-00C04F79EFBC}") = "HotelAdmin.Blazor", "HotelAdmin.Blazor\HotelAdmin.Blazor.csproj", "{931F9560-B77B-426A-8D7A-1005A5A76297}"
EndProject
Project("{FAE04EC0-301F-11D3-BF4B-00C04F79EFBC}") = "HotelAdmin.WebView", "HotelAdmin.WebView\HotelAdmin.WebView.csproj", "{E353E39F-CC18-434C-B21C-CFB0A926BF8E}"
EndProject
Project("{FAE04EC0-301F-11D3-BF4B-00C04F79EFBC}") = "HotelAdmin.WebView.Maui", "HotelAdmin.WebView.Maui\HotelAdmin.WebView.Maui.csproj", "{A59FE28D-D545-4BDF-9380-2430E013E8F7}"
EndProject
Project("{FAE04EC0-301F-11D3-BF4B-00C04F79EFBC}") = "HotelWeb.Blazor", "HotelWeb.Blazor\HotelWeb.Blazor.csproj", "{FFC1AAF7-D10F-407D-A256-D3205EB5EC65}"
EndProject
Global
	GlobalSection(SolutionConfigurationPlatforms) = preSolution
		Debug|Any CPU = Debug|Any CPU
		Debug|x64 = Debug|x64
		Release|Any CPU = Release|Any CPU
		Release|x64 = Release|x64
	EndGlobalSection
	GlobalSection(ProjectConfigurationPlatforms) = postSolution
		{888C3507-82C3-4FAD-933B-0EDA8632C74D}.Debug|Any CPU.ActiveCfg = Debug|Any CPU
		{888C3507-82C3-4FAD-933B-0EDA8632C74D}.Debug|Any CPU.Build.0 = Debug|Any CPU
		{888C3507-82C3-4FAD-933B-0EDA8632C74D}.Debug|x64.ActiveCfg = Debug|Any CPU
		{888C3507-82C3-4FAD-933B-0EDA8632C74D}.Debug|x64.Build.0 = Debug|Any CPU
		{888C3507-82C3-4FAD-933B-0EDA8632C74D}.Release|Any CPU.ActiveCfg = Release|Any CPU
		{888C3507-82C3-4FAD-933B-0EDA8632C74D}.Release|Any CPU.Build.0 = Release|Any CPU
		{888C3507-82C3-4FAD-933B-0EDA8632C74D}.Release|x64.ActiveCfg = Release|x64
		{888C3507-82C3-4FAD-933B-0EDA8632C74D}.Release|x64.Build.0 = Release|x64
		{199548D0-019D-4F2F-BD69-E0E2B89DD845}.Debug|Any CPU.ActiveCfg = Debug|Any CPU
		{199548D0-019D-4F2F-BD69-E0E2B89DD845}.Debug|Any CPU.Build.0 = Debug|Any CPU
		{199548D0-019D-4F2F-BD69-E0E2B89DD845}.Debug|x64.ActiveCfg = Debug|Any CPU
		{199548D0-019D-4F2F-BD69-E0E2B89DD845}.Debug|x64.Build.0 = Debug|Any CPU
		{199548D0-019D-4F2F-BD69-E0E2B89DD845}.Release|Any CPU.ActiveCfg = Release|Any CPU
		{199548D0-019D-4F2F-BD69-E0E2B89DD845}.Release|Any CPU.Build.0 = Release|Any CPU
		{199548D0-019D-4F2F-BD69-E0E2B89DD845}.Release|x64.ActiveCfg = Release|x64
		{199548D0-019D-4F2F-BD69-E0E2B89DD845}.Release|x64.Build.0 = Release|x64
		{A4F696F4-4BFD-4E7F-A350-90F4143900F5}.Debug|Any CPU.ActiveCfg = Debug|Any CPU
		{A4F696F4-4BFD-4E7F-A350-90F4143900F5}.Debug|Any CPU.Build.0 = Debug|Any CPU
		{A4F696F4-4BFD-4E7F-A350-90F4143900F5}.Debug|x64.ActiveCfg = Debug|Any CPU
		{A4F696F4-4BFD-4E7F-A350-90F4143900F5}.Debug|x64.Build.0 = Debug|Any CPU
		{A4F696F4-4BFD-4E7F-A350-90F4143900F5}.Release|Any CPU.ActiveCfg = Release|Any CPU
		{A4F696F4-4BFD-4E7F-A350-90F4143900F5}.Release|Any CPU.Build.0 = Release|Any CPU
		{A4F696F4-4BFD-4E7F-A350-90F4143900F5}.Release|x64.ActiveCfg = Release|x64
		{A4F696F4-4BFD-4E7F-A350-90F4143900F5}.Release|x64.Build.0 = Release|x64
		{BB34E3E8-4285-4AA2-AB70-4304C03DFF59}.Debug|Any CPU.ActiveCfg = Debug|Any CPU
		{BB34E3E8-4285-4AA2-AB70-4304C03DFF59}.Debug|Any CPU.Build.0 = Debug|Any CPU
		{BB34E3E8-4285-4AA2-AB70-4304C03DFF59}.Debug|x64.ActiveCfg = Debug|Any CPU
		{BB34E3E8-4285-4AA2-AB70-4304C03DFF59}.Debug|x64.Build.0 = Debug|Any CPU
		{BB34E3E8-4285-4AA2-AB70-4304C03DFF59}.Release|Any CPU.ActiveCfg = Release|Any CPU
		{BB34E3E8-4285-4AA2-AB70-4304C03DFF59}.Release|Any CPU.Build.0 = Release|Any CPU
		{BB34E3E8-4285-4AA2-AB70-4304C03DFF59}.Release|x64.ActiveCfg = Release|x64
		{BB34E3E8-4285-4AA2-AB70-4304C03DFF59}.Release|x64.Build.0 = Release|x64
		{931F9560-B77B-426A-8D7A-1005A5A76297}.Debug|Any CPU.ActiveCfg = Debug|Any CPU
		{931F9560-B77B-426A-8D7A-1005A5A76297}.Debug|Any CPU.Build.0 = Debug|Any CPU
		{931F9560-B77B-426A-8D7A-1005A5A76297}.Debug|x64.ActiveCfg = Debug|Any CPU
		{931F9560-B77B-426A-8D7A-1005A5A76297}.Debug|x64.Build.0 = Debug|Any CPU
		{931F9560-B77B-426A-8D7A-1005A5A76297}.Release|Any CPU.ActiveCfg = Release|Any CPU
		{931F9560-B77B-426A-8D7A-1005A5A76297}.Release|Any CPU.Build.0 = Release|Any CPU
		{931F9560-B77B-426A-8D7A-1005A5A76297}.Release|x64.ActiveCfg = Release|x64
		{931F9560-B77B-426A-8D7A-1005A5A76297}.Release|x64.Build.0 = Release|x64
		{E353E39F-CC18-434C-B21C-CFB0A926BF8E}.Debug|Any CPU.ActiveCfg = Debug|Any CPU
		{E353E39F-CC18-434C-B21C-CFB0A926BF8E}.Debug|Any CPU.Build.0 = Debug|Any CPU
		{E353E39F-CC18-434C-B21C-CFB0A926BF8E}.Debug|x64.ActiveCfg = Debug|Any CPU
		{E353E39F-CC18-434C-B21C-CFB0A926BF8E}.Debug|x64.Build.0 = Debug|Any CPU
		{E353E39F-CC18-434C-B21C-CFB0A926BF8E}.Release|Any CPU.ActiveCfg = Release|Any CPU
		{E353E39F-CC18-434C-B21C-CFB0A926BF8E}.Release|Any CPU.Build.0 = Release|Any CPU
		{E353E39F-CC18-434C-B21C-CFB0A926BF8E}.Release|x64.ActiveCfg = Release|x64
		{E353E39F-CC18-434C-B21C-CFB0A926BF8E}.Release|x64.Build.0 = Release|x64
		{A59FE28D-D545-4BDF-9380-2430E013E8F7}.Debug|Any CPU.ActiveCfg = Debug|Any CPU
		{A59FE28D-D545-4BDF-9380-2430E013E8F7}.Debug|Any CPU.Build.0 = Debug|Any CPU
		{A59FE28D-D545-4BDF-9380-2430E013E8F7}.Debug|Any CPU.Deploy.0 = Debug|Any CPU
		{A59FE28D-D545-4BDF-9380-2430E013E8F7}.Debug|x64.ActiveCfg = Debug|Any CPU
		{A59FE28D-D545-4BDF-9380-2430E013E8F7}.Debug|x64.Build.0 = Debug|Any CPU
		{A59FE28D-D545-4BDF-9380-2430E013E8F7}.Debug|x64.Deploy.0 = Debug|Any CPU
		{A59FE28D-D545-4BDF-9380-2430E013E8F7}.Release|Any CPU.ActiveCfg = Release|Any CPU
		{A59FE28D-D545-4BDF-9380-2430E013E8F7}.Release|Any CPU.Build.0 = Release|Any CPU
		{A59FE28D-D545-4BDF-9380-2430E013E8F7}.Release|x64.ActiveCfg = Release|x64
		{A59FE28D-D545-4BDF-9380-2430E013E8F7}.Release|x64.Build.0 = Release|x64
		{FFC1AAF7-D10F-407D-A256-D3205EB5EC65}.Debug|Any CPU.ActiveCfg = Debug|Any CPU
		{FFC1AAF7-D10F-407D-A256-D3205EB5EC65}.Debug|Any CPU.Build.0 = Debug|Any CPU
		{FFC1AAF7-D10F-407D-A256-D3205EB5EC65}.Debug|x64.ActiveCfg = Debug|Any CPU
		{FFC1AAF7-D10F-407D-A256-D3205EB5EC65}.Debug|x64.Build.0 = Debug|Any CPU
		{FFC1AAF7-D10F-407D-A256-D3205EB5EC65}.Release|Any CPU.ActiveCfg = Release|Any CPU
		{FFC1AAF7-D10F-407D-A256-D3205EB5EC65}.Release|Any CPU.Build.0 = Release|Any CPU
		{FFC1AAF7-D10F-407D-A256-D3205EB5EC65}.Release|x64.ActiveCfg = Release|Any CPU
		{FFC1AAF7-D10F-407D-A256-D3205EB5EC65}.Release|x64.Build.0 = Release|Any CPU
	EndGlobalSection
	GlobalSection(SolutionProperties) = preSolution
		HideSolutionNode = FALSE
	EndGlobalSection
EndGlobal
